
Microsoft Visual Studio Solution File, Format Version 12.00
# Visual Studio Version 16
VisualStudioVersion = 16.0.30320.27
MinimumVisualStudioVersion = 10.0.40219.1
Project("{FAE04EC0-301F-11D3-BF4B-00C04F79EFBC}") = "SelectionSort", "SelectionSort\SelectionSort.csproj", "{FE31FB72-DA9D-4A6F-9896-856EAD2AC847}"
EndProject
Global
	GlobalSection(SolutionConfigurationPlatforms) = preSolution
		Debug|Any CPU = Debug|Any CPU
		Release|Any CPU = Release|Any CPU
	EndGlobalSection
	GlobalSection(ProjectConfigurationPlatforms) = postSolution
		{FE31FB72-DA9D-4A6F-9896-856EAD2AC847}.Debug|Any CPU.ActiveCfg = Debug|Any CPU
		{FE31FB72-DA9D-4A6F-9896-856EAD2AC847}.Debug|Any CPU.Build.0 = Debug|Any CPU
		{FE31FB72-DA9D-4A6F-9896-856EAD2AC847}.Release|Any CPU.ActiveCfg = Release|Any CPU
		{FE31FB72-DA9D-4A6F-9896-856EAD2AC847}.Release|Any CPU.Build.0 = Release|Any CPU
	EndGlobalSection
	GlobalSection(SolutionProperties) = preSolution
		HideSolutionNode = FALSE
	EndGlobalSection
	GlobalSection(ExtensibilityGlobals) = postSolution
		SolutionGuid = {8ECE5251-A48B-481F-8F8B-22F25D0660E9}
	EndGlobalSection
EndGlobal
